
Microsoft Visual Studio Solution File, Format Version 12.00
# Visual Studio Version 16
VisualStudioVersion = 16.0.31702.278
MinimumVisualStudioVersion = 10.0.40219.1
Project("{FAE04EC0-301F-11D3-BF4B-00C04F79EFBC}") = "Day14 LinkedList", "Day14 LinkedList.csproj", "{EA06C02C-C7B9-45D6-A89D-8108289110E2}"
EndProject
Global
	GlobalSection(SolutionConfigurationPlatforms) = preSolution
		Debug|Any CPU = Debug|Any CPU
		Release|Any CPU = Release|Any CPU
	EndGlobalSection
	GlobalSection(ProjectConfigurationPlatforms) = postSolution
		{EA06C02C-C7B9-45D6-A89D-8108289110E2}.Debug|Any CPU.ActiveCfg = Debug|Any CPU
		{EA06C02C-C7B9-45D6-A89D-8108289110E2}.Debug|Any CPU.Build.0 = Debug|Any CPU
		{EA06C02C-C7B9-45D6-A89D-8108289110E2}.Release|Any CPU.ActiveCfg = Release|Any CPU
		{EA06C02C-C7B9-45D6-A89D-8108289110E2}.Release|Any CPU.Build.0 = Release|Any CPU
	EndGlobalSection
	GlobalSection(SolutionProperties) = preSolution
		HideSolutionNode = FALSE
	EndGlobalSection
	GlobalSection(ExtensibilityGlobals) = postSolution
		SolutionGuid = {C849AE65-DE99-452A-B3BE-1D8C8DA89F11}
	EndGlobalSection
EndGlobal
